
Microsoft Visual Studio Solution File, Format Version 12.00
# Visual Studio Version 16
VisualStudioVersion = 16.0.31019.35
MinimumVisualStudioVersion = 10.0.40219.1
Project("{FAE04EC0-301F-11D3-BF4B-00C04F79EFBC}") = "WiredBrainCoffee.StackApp", "WiredBrainCoffee.StackApp\WiredBrainCoffee.StackApp.csproj", "{13A61474-71FF-403D-8D98-FAF3FE769128}"
EndProject
Global
	GlobalSection(SolutionConfigurationPlatforms) = preSolution
		Debug|Any CPU = Debug|Any CPU
		Release|Any CPU = Release|Any CPU
	EndGlobalSection
	GlobalSection(ProjectConfigurationPlatforms) = postSolution
		{13A61474-71FF-403D-8D98-FAF3FE769128}.Debug|Any CPU.ActiveCfg = Debug|Any CPU
		{13A61474-71FF-403D-8D98-FAF3FE769128}.Debug|Any CPU.Build.0 = Debug|Any CPU
		{13A61474-71FF-403D-8D98-FAF3FE769128}.Release|Any CPU.ActiveCfg = Release|Any CPU
		{13A61474-71FF-403D-8D98-FAF3FE769128}.Release|Any CPU.Build.0 = Release|Any CPU
	EndGlobalSection
	GlobalSection(SolutionProperties) = preSolution
		HideSolutionNode = FALSE
	EndGlobalSection
	GlobalSection(ExtensibilityGlobals) = postSolution
		SolutionGuid = {4AC74410-9ED2-4D9A-9E78-3BCE93F7B232}
	EndGlobalSection
EndGlobal
